
Microsoft Visual Studio Solution File, Format Version 12.00
# Visual Studio Version 16
VisualStudioVersion = 16.0.31624.102
MinimumVisualStudioVersion = 10.0.40219.1
Project("{FAE04EC0-301F-11D3-BF4B-00C04F79EFBC}") = "PanSport", "PanSport\PanSport.csproj", "{52F1E13D-B006-4BD6-8D21-ED63DADABF49}"
EndProject
Global
	GlobalSection(SolutionConfigurationPlatforms) = preSolution
		Debug|Any CPU = Debug|Any CPU
		Release|Any CPU = Release|Any CPU
	EndGlobalSection
	GlobalSection(ProjectConfigurationPlatforms) = postSolution
		{52F1E13D-B006-4BD6-8D21-ED63DADABF49}.Debug|Any CPU.ActiveCfg = Debug|Any CPU
		{52F1E13D-B006-4BD6-8D21-ED63DADABF49}.Debug|Any CPU.Build.0 = Debug|Any CPU
		{52F1E13D-B006-4BD6-8D21-ED63DADABF49}.Release|Any CPU.ActiveCfg = Release|Any CPU
		{52F1E13D-B006-4BD6-8D21-ED63DADABF49}.Release|Any CPU.Build.0 = Release|Any CPU
	EndGlobalSection
	GlobalSection(SolutionProperties) = preSolution
		HideSolutionNode = FALSE
	EndGlobalSection
	GlobalSection(ExtensibilityGlobals) = postSolution
		SolutionGuid = {5D68ED44-AEC9-455C-BAC8-57DB406BA56D}
	EndGlobalSection
EndGlobal
